
Microsoft Visual Studio Solution File, Format Version 12.00
# Visual Studio 15
VisualStudioVersion = 15.0.28307.489
MinimumVisualStudioVersion = 10.0.40219.1
Project("{FAE04EC0-301F-11D3-BF4B-00C04F79EFBC}") = "URI_ONLINE", "URI_ONLINE\URI_ONLINE.csproj", "{B0BC0FC4-45E1-4DE0-A876-53C6223C5387}"
EndProject
Project("{FAE04EC0-301F-11D3-BF4B-00C04F79EFBC}") = "URI_ONLINE_1002", "URI_ONLINE_1002\URI_ONLINE_1002.csproj", "{F4D37DBF-3AD7-4E6F-8250-85ADC0B502DA}"
EndProject
Project("{FAE04EC0-301F-11D3-BF4B-00C04F79EFBC}") = "URI_ONLINE_1003", "URI_ONLINE_1003\URI_ONLINE_1003.csproj", "{EBAD651D-0EAF-46EF-B73E-C46873AC4E6D}"
EndProject
Project("{FAE04EC0-301F-11D3-BF4B-00C04F79EFBC}") = "URI_ONLINE_1004", "URI_ONLINE_1004\URI_ONLINE_1004.csproj", "{15315C1D-A838-4930-BEB9-06FCE27A4C59}"
EndProject
Project("{FAE04EC0-301F-11D3-BF4B-00C04F79EFBC}") = "URI_ONLINE_1005", "URI_ONLINE_1005\URI_ONLINE_1005.csproj", "{ADABBAC9-E279-43A3-8FB3-7BA4F0C9EBD1}"
EndProject
Global
	GlobalSection(SolutionConfigurationPlatforms) = preSolution
		Debug|Any CPU = Debug|Any CPU
		Release|Any CPU = Release|Any CPU
	EndGlobalSection
	GlobalSection(ProjectConfigurationPlatforms) = postSolution
		{B0BC0FC4-45E1-4DE0-A876-53C6223C5387}.Debug|Any CPU.ActiveCfg = Debug|Any CPU
		{B0BC0FC4-45E1-4DE0-A876-53C6223C5387}.Debug|Any CPU.Build.0 = Debug|Any CPU
		{B0BC0FC4-45E1-4DE0-A876-53C6223C5387}.Release|Any CPU.ActiveCfg = Release|Any CPU
		{B0BC0FC4-45E1-4DE0-A876-53C6223C5387}.Release|Any CPU.Build.0 = Release|Any CPU
		{F4D37DBF-3AD7-4E6F-8250-85ADC0B502DA}.Debug|Any CPU.ActiveCfg = Debug|Any CPU
		{F4D37DBF-3AD7-4E6F-8250-85ADC0B502DA}.Debug|Any CPU.Build.0 = Debug|Any CPU
		{F4D37DBF-3AD7-4E6F-8250-85ADC0B502DA}.Release|Any CPU.ActiveCfg = Release|Any CPU
		{F4D37DBF-3AD7-4E6F-8250-85ADC0B502DA}.Release|Any CPU.Build.0 = Release|Any CPU
		{EBAD651D-0EAF-46EF-B73E-C46873AC4E6D}.Debug|Any CPU.ActiveCfg = Debug|Any CPU
		{EBAD651D-0EAF-46EF-B73E-C46873AC4E6D}.Debug|Any CPU.Build.0 = Debug|Any CPU
		{EBAD651D-0EAF-46EF-B73E-C46873AC4E6D}.Release|Any CPU.ActiveCfg = Release|Any CPU
		{EBAD651D-0EAF-46EF-B73E-C46873AC4E6D}.Release|Any CPU.Build.0 = Release|Any CPU
		{15315C1D-A838-4930-BEB9-06FCE27A4C59}.Debug|Any CPU.ActiveCfg = Debug|Any CPU
		{15315C1D-A838-4930-BEB9-06FCE27A4C59}.Debug|Any CPU.Build.0 = Debug|Any CPU
		{15315C1D-A838-4930-BEB9-06FCE27A4C59}.Release|Any CPU.ActiveCfg = Release|Any CPU
		{15315C1D-A838-4930-BEB9-06FCE27A4C59}.Release|Any CPU.Build.0 = Release|Any CPU
		{ADABBAC9-E279-43A3-8FB3-7BA4F0C9EBD1}.Debug|Any CPU.ActiveCfg = Debug|Any CPU
		{ADABBAC9-E279-43A3-8FB3-7BA4F0C9EBD1}.Debug|Any CPU.Build.0 = Debug|Any CPU
		{ADABBAC9-E279-43A3-8FB3-7BA4F0C9EBD1}.Release|Any CPU.ActiveCfg = Release|Any CPU
		{ADABBAC9-E279-43A3-8FB3-7BA4F0C9EBD1}.Release|Any CPU.Build.0 = Release|Any CPU
	EndGlobalSection
	GlobalSection(SolutionProperties) = preSolution
		HideSolutionNode = FALSE
	EndGlobalSection
	GlobalSection(ExtensibilityGlobals) = postSolution
		SolutionGuid = {3E821BD6-6B04-4D4D-8099-81D55841FF14}
	EndGlobalSection
EndGlobal
