
Microsoft Visual Studio Solution File, Format Version 12.00
# Visual Studio 15
VisualStudioVersion = 15.0.28307.489
MinimumVisualStudioVersion = 10.0.40219.1
Project("{FAE04EC0-301F-11D3-BF4B-00C04F79EFBC}") = "URI_ONLINE", "URI_ONLINE\URI_ONLINE.csproj", "{B0BC0FC4-45E1-4DE0-A876-53C6223C5387}"
EndProject
Project("{FAE04EC0-301F-11D3-BF4B-00C04F79EFBC}") = "URI_ONLINE_1002", "URI_ONLINE_1002\URI_ONLINE_1002.csproj", "{F4D37DBF-3AD7-4E6F-8250-85ADC0B502DA}"
EndProject
Project("{FAE04EC0-301F-11D3-BF4B-00C04F79EFBC}") = "URI_ONLINE_1003", "URI_ONLINE_1003\URI_ONLINE_1003.csproj", "{EBAD651D-0EAF-46EF-B73E-C46873AC4E6D}"
EndProject
Project("{FAE04EC0-301F-11D3-BF4B-00C04F79EFBC}") = "URI_ONLINE_1004", "URI_ONLINE_1004\URI_ONLINE_1004.csproj", "{15315C1D-A838-4930-BEB9-06FCE27A4C59}"
EndProject
Project("{FAE04EC0-301F-11D3-BF4B-00C04F79EFBC}") = "URI_ONLINE_1005", "URI_ONLINE_1005\URI_ONLINE_1005.csproj", "{ADABBAC9-E279-43A3-8FB3-7BA4F0C9EBD1}"
EndProject
Project("{FAE04EC0-301F-11D3-BF4B-00C04F79EFBC}") = "URI_ONLINE_1006", "URI_ONLINE_1006\URI_ONLINE_1006.csproj", "{D4EAB769-FCF1-4ADE-92C2-25FF457CED19}"
EndProject
Project("{FAE04EC0-301F-11D3-BF4B-00C04F79EFBC}") = "URI_ONLINE_1007", "URI_ONLINE_1007\URI_ONLINE_1007.csproj", "{5F4C1DF1-6B86-48C2-883F-9ADE152A65E1}"
EndProject
Project("{FAE04EC0-301F-11D3-BF4B-00C04F79EFBC}") = "URI_ONLINE_1008", "URI_ONLINE_1008\URI_ONLINE_1008.csproj", "{152CB0C1-8EFC-437B-B8BB-C847AA9B2EF7}"
EndProject
Project("{FAE04EC0-301F-11D3-BF4B-00C04F79EFBC}") = "URI_ONLINE_1009", "URI_ONLINE_1009\URI_ONLINE_1009.csproj", "{9DDD9524-76E0-40CA-84E4-DA38A29D5467}"
EndProject
Project("{FAE04EC0-301F-11D3-BF4B-00C04F79EFBC}") = "URI_ONLINE_1010", "URI_ONLINE_1010\URI_ONLINE_1010.csproj", "{9BD5D7A1-6432-4594-975B-15B76DF9D248}"
EndProject
Project("{FAE04EC0-301F-11D3-BF4B-00C04F79EFBC}") = "URI_ONLINE_1011", "URI_ONLINE_1011\URI_ONLINE_1011.csproj", "{92734AAB-1A08-4C60-8BBB-D825141496C2}"
EndProject
Project("{FAE04EC0-301F-11D3-BF4B-00C04F79EFBC}") = "URI_ONLINE_1012", "URI_ONLINE_1012\URI_ONLINE_1012.csproj", "{F28F9027-8372-4E88-BEEE-AB5CDFBDF92D}"
EndProject
Project("{FAE04EC0-301F-11D3-BF4B-00C04F79EFBC}") = "URI_ONLINE_1013", "URI_ONLINE_1013\URI_ONLINE_1013.csproj", "{B4012059-C0D4-4012-8830-799ED101B44B}"
EndProject
Project("{FAE04EC0-301F-11D3-BF4B-00C04F79EFBC}") = "URI_ONLINE_1014", "URI_ONLINE_1014\URI_ONLINE_1014.csproj", "{3E64565B-94B5-454C-869B-69096B3FF0D8}"
EndProject
Project("{FAE04EC0-301F-11D3-BF4B-00C04F79EFBC}") = "URI_ONLINE_1015", "URI_ONLINE_1015\URI_ONLINE_1015.csproj", "{4DDC50E5-D031-442B-9811-34D9BF48398E}"
EndProject
Project("{FAE04EC0-301F-11D3-BF4B-00C04F79EFBC}") = "URI_ONLINE_1016", "URI_ONLINE_1016\URI_ONLINE_1016.csproj", "{166989CD-7976-480E-B3D3-9627C69F77D0}"
EndProject
Project("{FAE04EC0-301F-11D3-BF4B-00C04F79EFBC}") = "URI_ONLINE_1017", "URI_ONLINE_1017\URI_ONLINE_1017.csproj", "{8D55B1C9-CB4D-44AC-BA8B-0E2DF6CF9AD9}"
EndProject
Project("{FAE04EC0-301F-11D3-BF4B-00C04F79EFBC}") = "URI_ONLINE_1018", "URI_ONLINE_1018\URI_ONLINE_1018.csproj", "{30909A7B-6D90-4194-AB18-93C7AF0FDFA8}"
EndProject
Project("{FAE04EC0-301F-11D3-BF4B-00C04F79EFBC}") = "URI_ONLINE_1019", "URI_ONLINE_1019\URI_ONLINE_1019.csproj", "{2BD212FC-1670-49DC-8637-7862F13E77C9}"
EndProject
Project("{FAE04EC0-301F-11D3-BF4B-00C04F79EFBC}") = "URI_ONLINE_1020", "URI_ONLINE_1020\URI_ONLINE_1020.csproj", "{D036B6CE-8C76-48C4-B03C-0933400682AF}"
EndProject
Project("{FAE04EC0-301F-11D3-BF4B-00C04F79EFBC}") = "URI_ONLINE_1021", "URI_ONLINE_1021\URI_ONLINE_1021.csproj", "{D2D0DC73-7D6B-4ECF-AE1C-15F9D7EEE21F}"
EndProject
Global
	GlobalSection(SolutionConfigurationPlatforms) = preSolution
		Debug|Any CPU = Debug|Any CPU
		Release|Any CPU = Release|Any CPU
	EndGlobalSection
	GlobalSection(ProjectConfigurationPlatforms) = postSolution
		{B0BC0FC4-45E1-4DE0-A876-53C6223C5387}.Debug|Any CPU.ActiveCfg = Debug|Any CPU
		{B0BC0FC4-45E1-4DE0-A876-53C6223C5387}.Debug|Any CPU.Build.0 = Debug|Any CPU
		{B0BC0FC4-45E1-4DE0-A876-53C6223C5387}.Release|Any CPU.ActiveCfg = Release|Any CPU
		{B0BC0FC4-45E1-4DE0-A876-53C6223C5387}.Release|Any CPU.Build.0 = Release|Any CPU
		{F4D37DBF-3AD7-4E6F-8250-85ADC0B502DA}.Debug|Any CPU.ActiveCfg = Debug|Any CPU
		{F4D37DBF-3AD7-4E6F-8250-85ADC0B502DA}.Debug|Any CPU.Build.0 = Debug|Any CPU
		{F4D37DBF-3AD7-4E6F-8250-85ADC0B502DA}.Release|Any CPU.ActiveCfg = Release|Any CPU
		{F4D37DBF-3AD7-4E6F-8250-85ADC0B502DA}.Release|Any CPU.Build.0 = Release|Any CPU
		{EBAD651D-0EAF-46EF-B73E-C46873AC4E6D}.Debug|Any CPU.ActiveCfg = Debug|Any CPU
		{EBAD651D-0EAF-46EF-B73E-C46873AC4E6D}.Debug|Any CPU.Build.0 = Debug|Any CPU
		{EBAD651D-0EAF-46EF-B73E-C46873AC4E6D}.Release|Any CPU.ActiveCfg = Release|Any CPU
		{EBAD651D-0EAF-46EF-B73E-C46873AC4E6D}.Release|Any CPU.Build.0 = Release|Any CPU
		{15315C1D-A838-4930-BEB9-06FCE27A4C59}.Debug|Any CPU.ActiveCfg = Debug|Any CPU
		{15315C1D-A838-4930-BEB9-06FCE27A4C59}.Debug|Any CPU.Build.0 = Debug|Any CPU
		{15315C1D-A838-4930-BEB9-06FCE27A4C59}.Release|Any CPU.ActiveCfg = Release|Any CPU
		{15315C1D-A838-4930-BEB9-06FCE27A4C59}.Release|Any CPU.Build.0 = Release|Any CPU
		{ADABBAC9-E279-43A3-8FB3-7BA4F0C9EBD1}.Debug|Any CPU.ActiveCfg = Debug|Any CPU
		{ADABBAC9-E279-43A3-8FB3-7BA4F0C9EBD1}.Debug|Any CPU.Build.0 = Debug|Any CPU
		{ADABBAC9-E279-43A3-8FB3-7BA4F0C9EBD1}.Release|Any CPU.ActiveCfg = Release|Any CPU
		{ADABBAC9-E279-43A3-8FB3-7BA4F0C9EBD1}.Release|Any CPU.Build.0 = Release|Any CPU
		{D4EAB769-FCF1-4ADE-92C2-25FF457CED19}.Debug|Any CPU.ActiveCfg = Debug|Any CPU
		{D4EAB769-FCF1-4ADE-92C2-25FF457CED19}.Debug|Any CPU.Build.0 = Debug|Any CPU
		{D4EAB769-FCF1-4ADE-92C2-25FF457CED19}.Release|Any CPU.ActiveCfg = Release|Any CPU
		{D4EAB769-FCF1-4ADE-92C2-25FF457CED19}.Release|Any CPU.Build.0 = Release|Any CPU
		{5F4C1DF1-6B86-48C2-883F-9ADE152A65E1}.Debug|Any CPU.ActiveCfg = Debug|Any CPU
		{5F4C1DF1-6B86-48C2-883F-9ADE152A65E1}.Debug|Any CPU.Build.0 = Debug|Any CPU
		{5F4C1DF1-6B86-48C2-883F-9ADE152A65E1}.Release|Any CPU.ActiveCfg = Release|Any CPU
		{5F4C1DF1-6B86-48C2-883F-9ADE152A65E1}.Release|Any CPU.Build.0 = Release|Any CPU
		{152CB0C1-8EFC-437B-B8BB-C847AA9B2EF7}.Debug|Any CPU.ActiveCfg = Debug|Any CPU
		{152CB0C1-8EFC-437B-B8BB-C847AA9B2EF7}.Debug|Any CPU.Build.0 = Debug|Any CPU
		{152CB0C1-8EFC-437B-B8BB-C847AA9B2EF7}.Release|Any CPU.ActiveCfg = Release|Any CPU
		{152CB0C1-8EFC-437B-B8BB-C847AA9B2EF7}.Release|Any CPU.Build.0 = Release|Any CPU
		{9DDD9524-76E0-40CA-84E4-DA38A29D5467}.Debug|Any CPU.ActiveCfg = Debug|Any CPU
		{9DDD9524-76E0-40CA-84E4-DA38A29D5467}.Debug|Any CPU.Build.0 = Debug|Any CPU
		{9DDD9524-76E0-40CA-84E4-DA38A29D5467}.Release|Any CPU.ActiveCfg = Release|Any CPU
		{9DDD9524-76E0-40CA-84E4-DA38A29D5467}.Release|Any CPU.Build.0 = Release|Any CPU
		{9BD5D7A1-6432-4594-975B-15B76DF9D248}.Debug|Any CPU.ActiveCfg = Debug|Any CPU
		{9BD5D7A1-6432-4594-975B-15B76DF9D248}.Debug|Any CPU.Build.0 = Debug|Any CPU
		{9BD5D7A1-6432-4594-975B-15B76DF9D248}.Release|Any CPU.ActiveCfg = Release|Any CPU
		{9BD5D7A1-6432-4594-975B-15B76DF9D248}.Release|Any CPU.Build.0 = Release|Any CPU
		{92734AAB-1A08-4C60-8BBB-D825141496C2}.Debug|Any CPU.ActiveCfg = Debug|Any CPU
		{92734AAB-1A08-4C60-8BBB-D825141496C2}.Debug|Any CPU.Build.0 = Debug|Any CPU
		{92734AAB-1A08-4C60-8BBB-D825141496C2}.Release|Any CPU.ActiveCfg = Release|Any CPU
		{92734AAB-1A08-4C60-8BBB-D825141496C2}.Release|Any CPU.Build.0 = Release|Any CPU
		{F28F9027-8372-4E88-BEEE-AB5CDFBDF92D}.Debug|Any CPU.ActiveCfg = Debug|Any CPU
		{F28F9027-8372-4E88-BEEE-AB5CDFBDF92D}.Debug|Any CPU.Build.0 = Debug|Any CPU
		{F28F9027-8372-4E88-BEEE-AB5CDFBDF92D}.Release|Any CPU.ActiveCfg = Release|Any CPU
		{F28F9027-8372-4E88-BEEE-AB5CDFBDF92D}.Release|Any CPU.Build.0 = Release|Any CPU
		{B4012059-C0D4-4012-8830-799ED101B44B}.Debug|Any CPU.ActiveCfg = Debug|Any CPU
		{B4012059-C0D4-4012-8830-799ED101B44B}.Debug|Any CPU.Build.0 = Debug|Any CPU
		{B4012059-C0D4-4012-8830-799ED101B44B}.Release|Any CPU.ActiveCfg = Release|Any CPU
		{B4012059-C0D4-4012-8830-799ED101B44B}.Release|Any CPU.Build.0 = Release|Any CPU
		{3E64565B-94B5-454C-869B-69096B3FF0D8}.Debug|Any CPU.ActiveCfg = Debug|Any CPU
		{3E64565B-94B5-454C-869B-69096B3FF0D8}.Debug|Any CPU.Build.0 = Debug|Any CPU
		{3E64565B-94B5-454C-869B-69096B3FF0D8}.Release|Any CPU.ActiveCfg = Release|Any CPU
		{3E64565B-94B5-454C-869B-69096B3FF0D8}.Release|Any CPU.Build.0 = Release|Any CPU
		{4DDC50E5-D031-442B-9811-34D9BF48398E}.Debug|Any CPU.ActiveCfg = Debug|Any CPU
		{4DDC50E5-D031-442B-9811-34D9BF48398E}.Debug|Any CPU.Build.0 = Debug|Any CPU
		{4DDC50E5-D031-442B-9811-34D9BF48398E}.Release|Any CPU.ActiveCfg = Release|Any CPU
		{4DDC50E5-D031-442B-9811-34D9BF48398E}.Release|Any CPU.Build.0 = Release|Any CPU
		{166989CD-7976-480E-B3D3-9627C69F77D0}.Debug|Any CPU.ActiveCfg = Debug|Any CPU
		{166989CD-7976-480E-B3D3-9627C69F77D0}.Debug|Any CPU.Build.0 = Debug|Any CPU
		{166989CD-7976-480E-B3D3-9627C69F77D0}.Release|Any CPU.ActiveCfg = Release|Any CPU
		{166989CD-7976-480E-B3D3-9627C69F77D0}.Release|Any CPU.Build.0 = Release|Any CPU
		{8D55B1C9-CB4D-44AC-BA8B-0E2DF6CF9AD9}.Debug|Any CPU.ActiveCfg = Debug|Any CPU
		{8D55B1C9-CB4D-44AC-BA8B-0E2DF6CF9AD9}.Debug|Any CPU.Build.0 = Debug|Any CPU
		{8D55B1C9-CB4D-44AC-BA8B-0E2DF6CF9AD9}.Release|Any CPU.ActiveCfg = Release|Any CPU
		{8D55B1C9-CB4D-44AC-BA8B-0E2DF6CF9AD9}.Release|Any CPU.Build.0 = Release|Any CPU
		{30909A7B-6D90-4194-AB18-93C7AF0FDFA8}.Debug|Any CPU.ActiveCfg = Debug|Any CPU
		{30909A7B-6D90-4194-AB18-93C7AF0FDFA8}.Debug|Any CPU.Build.0 = Debug|Any CPU
		{30909A7B-6D90-4194-AB18-93C7AF0FDFA8}.Release|Any CPU.ActiveCfg = Release|Any CPU
		{30909A7B-6D90-4194-AB18-93C7AF0FDFA8}.Release|Any CPU.Build.0 = Release|Any CPU
		{2BD212FC-1670-49DC-8637-7862F13E77C9}.Debug|Any CPU.ActiveCfg = Debug|Any CPU
		{2BD212FC-1670-49DC-8637-7862F13E77C9}.Debug|Any CPU.Build.0 = Debug|Any CPU
		{2BD212FC-1670-49DC-8637-7862F13E77C9}.Release|Any CPU.ActiveCfg = Release|Any CPU
		{2BD212FC-1670-49DC-8637-7862F13E77C9}.Release|Any CPU.Build.0 = Release|Any CPU
		{D036B6CE-8C76-48C4-B03C-0933400682AF}.Debug|Any CPU.ActiveCfg = Debug|Any CPU
		{D036B6CE-8C76-48C4-B03C-0933400682AF}.Debug|Any CPU.Build.0 = Debug|Any CPU
		{D036B6CE-8C76-48C4-B03C-0933400682AF}.Release|Any CPU.ActiveCfg = Release|Any CPU
		{D036B6CE-8C76-48C4-B03C-0933400682AF}.Release|Any CPU.Build.0 = Release|Any CPU
		{D2D0DC73-7D6B-4ECF-AE1C-15F9D7EEE21F}.Debug|Any CPU.ActiveCfg = Debug|Any CPU
		{D2D0DC73-7D6B-4ECF-AE1C-15F9D7EEE21F}.Debug|Any CPU.Build.0 = Debug|Any CPU
		{D2D0DC73-7D6B-4ECF-AE1C-15F9D7EEE21F}.Release|Any CPU.ActiveCfg = Release|Any CPU
		{D2D0DC73-7D6B-4ECF-AE1C-15F9D7EEE21F}.Release|Any CPU.Build.0 = Release|Any CPU
	EndGlobalSection
	GlobalSection(SolutionProperties) = preSolution
		HideSolutionNode = FALSE
	EndGlobalSection
	GlobalSection(ExtensibilityGlobals) = postSolution
		SolutionGuid = {3E821BD6-6B04-4D4D-8099-81D55841FF14}
	EndGlobalSection
EndGlobal
