
Microsoft Visual Studio Solution File, Format Version 12.00
# Visual Studio 15
VisualStudioVersion = 15.0.28307.489
MinimumVisualStudioVersion = 10.0.40219.1
Project("{FAE04EC0-301F-11D3-BF4B-00C04F79EFBC}") = "URI_ONLINE", "URI_ONLINE\URI_ONLINE.csproj", "{B0BC0FC4-45E1-4DE0-A876-53C6223C5387}"
EndProject
Project("{FAE04EC0-301F-11D3-BF4B-00C04F79EFBC}") = "URI_ONLINE_1002", "URI_ONLINE_1002\URI_ONLINE_1002.csproj", "{F4D37DBF-3AD7-4E6F-8250-85ADC0B502DA}"
EndProject
Project("{FAE04EC0-301F-11D3-BF4B-00C04F79EFBC}") = "URI_ONLINE_1003", "URI_ONLINE_1003\URI_ONLINE_1003.csproj", "{EBAD651D-0EAF-46EF-B73E-C46873AC4E6D}"
EndProject
Project("{FAE04EC0-301F-11D3-BF4B-00C04F79EFBC}") = "URI_ONLINE_1004", "URI_ONLINE_1004\URI_ONLINE_1004.csproj", "{15315C1D-A838-4930-BEB9-06FCE27A4C59}"
EndProject
Project("{FAE04EC0-301F-11D3-BF4B-00C04F79EFBC}") = "URI_ONLINE_1005", "URI_ONLINE_1005\URI_ONLINE_1005.csproj", "{ADABBAC9-E279-43A3-8FB3-7BA4F0C9EBD1}"
EndProject
Project("{FAE04EC0-301F-11D3-BF4B-00C04F79EFBC}") = "URI_ONLINE_1006", "URI_ONLINE_1006\URI_ONLINE_1006.csproj", "{D4EAB769-FCF1-4ADE-92C2-25FF457CED19}"
EndProject
Project("{FAE04EC0-301F-11D3-BF4B-00C04F79EFBC}") = "URI_ONLINE_1007", "URI_ONLINE_1007\URI_ONLINE_1007.csproj", "{5F4C1DF1-6B86-48C2-883F-9ADE152A65E1}"
EndProject
Project("{FAE04EC0-301F-11D3-BF4B-00C04F79EFBC}") = "URI_ONLINE_1008", "URI_ONLINE_1008\URI_ONLINE_1008.csproj", "{152CB0C1-8EFC-437B-B8BB-C847AA9B2EF7}"
EndProject
Project("{FAE04EC0-301F-11D3-BF4B-00C04F79EFBC}") = "URI_ONLINE_1009", "URI_ONLINE_1009\URI_ONLINE_1009.csproj", "{9DDD9524-76E0-40CA-84E4-DA38A29D5467}"
EndProject
Project("{FAE04EC0-301F-11D3-BF4B-00C04F79EFBC}") = "URI_ONLINE_1010", "URI_ONLINE_1010\URI_ONLINE_1010.csproj", "{9BD5D7A1-6432-4594-975B-15B76DF9D248}"
EndProject
Project("{FAE04EC0-301F-11D3-BF4B-00C04F79EFBC}") = "URI_ONLINE_1011", "URI_ONLINE_1011\URI_ONLINE_1011.csproj", "{92734AAB-1A08-4C60-8BBB-D825141496C2}"
EndProject
Project("{FAE04EC0-301F-11D3-BF4B-00C04F79EFBC}") = "URI_ONLINE_1012", "URI_ONLINE_1012\URI_ONLINE_1012.csproj", "{F28F9027-8372-4E88-BEEE-AB5CDFBDF92D}"
EndProject
Project("{FAE04EC0-301F-11D3-BF4B-00C04F79EFBC}") = "URI_ONLINE_1013", "URI_ONLINE_1013\URI_ONLINE_1013.csproj", "{B4012059-C0D4-4012-8830-799ED101B44B}"
EndProject
Project("{FAE04EC0-301F-11D3-BF4B-00C04F79EFBC}") = "URI_ONLINE_1014", "URI_ONLINE_1014\URI_ONLINE_1014.csproj", "{3E64565B-94B5-454C-869B-69096B3FF0D8}"
EndProject
Project("{FAE04EC0-301F-11D3-BF4B-00C04F79EFBC}") = "URI_ONLINE_1015", "URI_ONLINE_1015\URI_ONLINE_1015.csproj", "{4DDC50E5-D031-442B-9811-34D9BF48398E}"
EndProject
Project("{FAE04EC0-301F-11D3-BF4B-00C04F79EFBC}") = "URI_ONLINE_1016", "URI_ONLINE_1016\URI_ONLINE_1016.csproj", "{166989CD-7976-480E-B3D3-9627C69F77D0}"
EndProject
Project("{FAE04EC0-301F-11D3-BF4B-00C04F79EFBC}") = "URI_ONLINE_1017", "URI_ONLINE_1017\URI_ONLINE_1017.csproj", "{8D55B1C9-CB4D-44AC-BA8B-0E2DF6CF9AD9}"
EndProject
Project("{FAE04EC0-301F-11D3-BF4B-00C04F79EFBC}") = "URI_ONLINE_1018", "URI_ONLINE_1018\URI_ONLINE_1018.csproj", "{30909A7B-6D90-4194-AB18-93C7AF0FDFA8}"
EndProject
Project("{FAE04EC0-301F-11D3-BF4B-00C04F79EFBC}") = "URI_ONLINE_1019", "URI_ONLINE_1019\URI_ONLINE_1019.csproj", "{2BD212FC-1670-49DC-8637-7862F13E77C9}"
EndProject
Project("{FAE04EC0-301F-11D3-BF4B-00C04F79EFBC}") = "URI_ONLINE_1020", "URI_ONLINE_1020\URI_ONLINE_1020.csproj", "{D036B6CE-8C76-48C4-B03C-0933400682AF}"
EndProject
Project("{FAE04EC0-301F-11D3-BF4B-00C04F79EFBC}") = "URI_ONLINE_1021", "URI_ONLINE_1021\URI_ONLINE_1021.csproj", "{D2D0DC73-7D6B-4ECF-AE1C-15F9D7EEE21F}"
EndProject
Project("{FAE04EC0-301F-11D3-BF4B-00C04F79EFBC}") = "URI_ONLINE_1035", "URI_ONLINE_1035\URI_ONLINE_1035.csproj", "{DB573C9A-85DC-4CA1-994B-60EC837243D0}"
EndProject
Project("{FAE04EC0-301F-11D3-BF4B-00C04F79EFBC}") = "URI_ONLINE_1036", "URI_ONLINE_1036\URI_ONLINE_1036.csproj", "{FBDED703-FE64-4198-820F-8C615982ADEE}"
EndProject
Project("{FAE04EC0-301F-11D3-BF4B-00C04F79EFBC}") = "URI_ONLINE_1037", "URI_ONLINE_1037\URI_ONLINE_1037.csproj", "{9C8D8F77-A882-4C45-91AD-B46320DC668E}"
EndProject
Project("{FAE04EC0-301F-11D3-BF4B-00C04F79EFBC}") = "URI_ONLINE_1038", "URI_ONLINE_1038\URI_ONLINE_1038.csproj", "{2F1FD277-B899-4A83-8DD0-966913AB7824}"
EndProject
Project("{FAE04EC0-301F-11D3-BF4B-00C04F79EFBC}") = "URI_ONLINE_1041", "URI_ONLINE_1041\URI_ONLINE_1041.csproj", "{B5C2EF66-62AD-4C04-9B4A-9A1D86846CFB}"
EndProject
Project("{FAE04EC0-301F-11D3-BF4B-00C04F79EFBC}") = "URI_ONLINE_1042", "URI_ONLINE_1042\URI_ONLINE_1042.csproj", "{9DC6EAB1-CF9E-4B63-9F85-50F9A1FBCD00}"
EndProject
Project("{FAE04EC0-301F-11D3-BF4B-00C04F79EFBC}") = "URI_ONLINE_1043", "URI_ONLINE_1043\URI_ONLINE_1043.csproj", "{21B68D6E-8371-453C-8029-82DBEE10B5E1}"
EndProject
Project("{FAE04EC0-301F-11D3-BF4B-00C04F79EFBC}") = "URI_ONLINE_1044", "URI_ONLINE_1044\URI_ONLINE_1044.csproj", "{476A5F66-0088-4A12-AAA9-BF56EE918541}"
EndProject
Project("{FAE04EC0-301F-11D3-BF4B-00C04F79EFBC}") = "URI_ONLINE_1046", "URI_ONLINE_1046\URI_ONLINE_1046.csproj", "{11CD7DD5-9E3A-4CA6-ADDD-58FB5075AD0A}"
EndProject
Project("{FAE04EC0-301F-11D3-BF4B-00C04F79EFBC}") = "URI_ONLINE_1048", "URI_ONLINE_1048\URI_ONLINE_1048.csproj", "{48E69E25-0F24-48E6-9FB5-5264015C57EE}"
EndProject
Project("{FAE04EC0-301F-11D3-BF4B-00C04F79EFBC}") = "URI_ONLINE_1051", "URI_ONLINE_1051\URI_ONLINE_1051.csproj", "{40CC7966-D649-4283-ACC1-68D830810BE0}"
EndProject
Project("{FAE04EC0-301F-11D3-BF4B-00C04F79EFBC}") = "URI_ONLINE_1052", "URI_ONLINE_1052\URI_ONLINE_1052.csproj", "{80763528-FF93-4812-BBBD-92C93342C0DD}"
EndProject
Project("{FAE04EC0-301F-11D3-BF4B-00C04F79EFBC}") = "URI_ONLINE_1060", "URI_ONLINE_1060\URI_ONLINE_1060.csproj", "{CCB042AF-49DE-4E66-AEB1-A58DF7BD0990}"
EndProject
Project("{FAE04EC0-301F-11D3-BF4B-00C04F79EFBC}") = "URI_ONLINE_1064", "URI_ONLINE_1064\URI_ONLINE_1064.csproj", "{EE06614D-1C6C-4122-B216-3DE745004AF0}"
EndProject
Project("{FAE04EC0-301F-11D3-BF4B-00C04F79EFBC}") = "URI_ONLINE_1065", "URI_ONLINE_1065\URI_ONLINE_1065.csproj", "{767FC60A-4AF9-4CD6-BB25-D3F863FAF5BE}"
EndProject
Project("{FAE04EC0-301F-11D3-BF4B-00C04F79EFBC}") = "URI_ONLINE_1066", "URI_ONLINE_1066\URI_ONLINE_1066.csproj", "{37BED8E2-DE6F-4131-90A6-BA5005360CE2}"
EndProject
Project("{FAE04EC0-301F-11D3-BF4B-00C04F79EFBC}") = "URI_ONLINE_1070", "URI_ONLINE_1070\URI_ONLINE_1070.csproj", "{6FA3BB77-85C4-47CF-9EC7-8F09F4FD0C15}"
EndProject
Project("{FAE04EC0-301F-11D3-BF4B-00C04F79EFBC}") = "URI_ONLINE_1050", "URI_ONLINE_1050\URI_ONLINE_1050.csproj", "{6A506B07-F65E-470F-8991-ED7DABF66965}"
EndProject
Project("{FAE04EC0-301F-11D3-BF4B-00C04F79EFBC}") = "URI_ONLINE_1049", "URI_ONLINE_1049\URI_ONLINE_1049.csproj", "{1354BF06-FEBC-4F57-B5D1-DE7B796332B4}"
EndProject
Project("{FAE04EC0-301F-11D3-BF4B-00C04F79EFBC}") = "URI_ONLINE_1113", "URI_ONLINE_1113\URI_ONLINE_1113.csproj", "{B5255F69-CFAD-4D22-8703-AD5DFC787D4A}"
EndProject
Project("{FAE04EC0-301F-11D3-BF4B-00C04F79EFBC}") = "URI_ONLINE_1114", "URI_ONLINE_1114\URI_ONLINE_1114.csproj", "{9089817C-8B6D-4B28-8627-54DF74839188}"
EndProject
Project("{FAE04EC0-301F-11D3-BF4B-00C04F79EFBC}") = "URI_ONLINE_1115", "URI_ONLINE_1115\URI_ONLINE_1115.csproj", "{21413110-7089-43C9-BD70-21A478B14417}"
EndProject
Project("{FAE04EC0-301F-11D3-BF4B-00C04F79EFBC}") = "URI_ONLINE_1047", "URI_ONLINE_1047\URI_ONLINE_1047.csproj", "{4FE78963-5CA0-4D85-9B67-2B83285ADE5E}"
EndProject
Project("{FAE04EC0-301F-11D3-BF4B-00C04F79EFBC}") = "URI_ONLINE_1078", "URI_ONLINE_1078\URI_ONLINE_1078.csproj", "{2EE7337E-B45B-49B0-99DF-1B64A12D74AB}"
EndProject
Global
	GlobalSection(SolutionConfigurationPlatforms) = preSolution
		Debug|Any CPU = Debug|Any CPU
		Release|Any CPU = Release|Any CPU
	EndGlobalSection
	GlobalSection(ProjectConfigurationPlatforms) = postSolution
		{B0BC0FC4-45E1-4DE0-A876-53C6223C5387}.Debug|Any CPU.ActiveCfg = Debug|Any CPU
		{B0BC0FC4-45E1-4DE0-A876-53C6223C5387}.Debug|Any CPU.Build.0 = Debug|Any CPU
		{B0BC0FC4-45E1-4DE0-A876-53C6223C5387}.Release|Any CPU.ActiveCfg = Release|Any CPU
		{B0BC0FC4-45E1-4DE0-A876-53C6223C5387}.Release|Any CPU.Build.0 = Release|Any CPU
		{F4D37DBF-3AD7-4E6F-8250-85ADC0B502DA}.Debug|Any CPU.ActiveCfg = Debug|Any CPU
		{F4D37DBF-3AD7-4E6F-8250-85ADC0B502DA}.Debug|Any CPU.Build.0 = Debug|Any CPU
		{F4D37DBF-3AD7-4E6F-8250-85ADC0B502DA}.Release|Any CPU.ActiveCfg = Release|Any CPU
		{F4D37DBF-3AD7-4E6F-8250-85ADC0B502DA}.Release|Any CPU.Build.0 = Release|Any CPU
		{EBAD651D-0EAF-46EF-B73E-C46873AC4E6D}.Debug|Any CPU.ActiveCfg = Debug|Any CPU
		{EBAD651D-0EAF-46EF-B73E-C46873AC4E6D}.Debug|Any CPU.Build.0 = Debug|Any CPU
		{EBAD651D-0EAF-46EF-B73E-C46873AC4E6D}.Release|Any CPU.ActiveCfg = Release|Any CPU
		{EBAD651D-0EAF-46EF-B73E-C46873AC4E6D}.Release|Any CPU.Build.0 = Release|Any CPU
		{15315C1D-A838-4930-BEB9-06FCE27A4C59}.Debug|Any CPU.ActiveCfg = Debug|Any CPU
		{15315C1D-A838-4930-BEB9-06FCE27A4C59}.Debug|Any CPU.Build.0 = Debug|Any CPU
		{15315C1D-A838-4930-BEB9-06FCE27A4C59}.Release|Any CPU.ActiveCfg = Release|Any CPU
		{15315C1D-A838-4930-BEB9-06FCE27A4C59}.Release|Any CPU.Build.0 = Release|Any CPU
		{ADABBAC9-E279-43A3-8FB3-7BA4F0C9EBD1}.Debug|Any CPU.ActiveCfg = Debug|Any CPU
		{ADABBAC9-E279-43A3-8FB3-7BA4F0C9EBD1}.Debug|Any CPU.Build.0 = Debug|Any CPU
		{ADABBAC9-E279-43A3-8FB3-7BA4F0C9EBD1}.Release|Any CPU.ActiveCfg = Release|Any CPU
		{ADABBAC9-E279-43A3-8FB3-7BA4F0C9EBD1}.Release|Any CPU.Build.0 = Release|Any CPU
		{D4EAB769-FCF1-4ADE-92C2-25FF457CED19}.Debug|Any CPU.ActiveCfg = Debug|Any CPU
		{D4EAB769-FCF1-4ADE-92C2-25FF457CED19}.Debug|Any CPU.Build.0 = Debug|Any CPU
		{D4EAB769-FCF1-4ADE-92C2-25FF457CED19}.Release|Any CPU.ActiveCfg = Release|Any CPU
		{D4EAB769-FCF1-4ADE-92C2-25FF457CED19}.Release|Any CPU.Build.0 = Release|Any CPU
		{5F4C1DF1-6B86-48C2-883F-9ADE152A65E1}.Debug|Any CPU.ActiveCfg = Debug|Any CPU
		{5F4C1DF1-6B86-48C2-883F-9ADE152A65E1}.Debug|Any CPU.Build.0 = Debug|Any CPU
		{5F4C1DF1-6B86-48C2-883F-9ADE152A65E1}.Release|Any CPU.ActiveCfg = Release|Any CPU
		{5F4C1DF1-6B86-48C2-883F-9ADE152A65E1}.Release|Any CPU.Build.0 = Release|Any CPU
		{152CB0C1-8EFC-437B-B8BB-C847AA9B2EF7}.Debug|Any CPU.ActiveCfg = Debug|Any CPU
		{152CB0C1-8EFC-437B-B8BB-C847AA9B2EF7}.Debug|Any CPU.Build.0 = Debug|Any CPU
		{152CB0C1-8EFC-437B-B8BB-C847AA9B2EF7}.Release|Any CPU.ActiveCfg = Release|Any CPU
		{152CB0C1-8EFC-437B-B8BB-C847AA9B2EF7}.Release|Any CPU.Build.0 = Release|Any CPU
		{9DDD9524-76E0-40CA-84E4-DA38A29D5467}.Debug|Any CPU.ActiveCfg = Debug|Any CPU
		{9DDD9524-76E0-40CA-84E4-DA38A29D5467}.Debug|Any CPU.Build.0 = Debug|Any CPU
		{9DDD9524-76E0-40CA-84E4-DA38A29D5467}.Release|Any CPU.ActiveCfg = Release|Any CPU
		{9DDD9524-76E0-40CA-84E4-DA38A29D5467}.Release|Any CPU.Build.0 = Release|Any CPU
		{9BD5D7A1-6432-4594-975B-15B76DF9D248}.Debug|Any CPU.ActiveCfg = Debug|Any CPU
		{9BD5D7A1-6432-4594-975B-15B76DF9D248}.Debug|Any CPU.Build.0 = Debug|Any CPU
		{9BD5D7A1-6432-4594-975B-15B76DF9D248}.Release|Any CPU.ActiveCfg = Release|Any CPU
		{9BD5D7A1-6432-4594-975B-15B76DF9D248}.Release|Any CPU.Build.0 = Release|Any CPU
		{92734AAB-1A08-4C60-8BBB-D825141496C2}.Debug|Any CPU.ActiveCfg = Debug|Any CPU
		{92734AAB-1A08-4C60-8BBB-D825141496C2}.Debug|Any CPU.Build.0 = Debug|Any CPU
		{92734AAB-1A08-4C60-8BBB-D825141496C2}.Release|Any CPU.ActiveCfg = Release|Any CPU
		{92734AAB-1A08-4C60-8BBB-D825141496C2}.Release|Any CPU.Build.0 = Release|Any CPU
		{F28F9027-8372-4E88-BEEE-AB5CDFBDF92D}.Debug|Any CPU.ActiveCfg = Debug|Any CPU
		{F28F9027-8372-4E88-BEEE-AB5CDFBDF92D}.Debug|Any CPU.Build.0 = Debug|Any CPU
		{F28F9027-8372-4E88-BEEE-AB5CDFBDF92D}.Release|Any CPU.ActiveCfg = Release|Any CPU
		{F28F9027-8372-4E88-BEEE-AB5CDFBDF92D}.Release|Any CPU.Build.0 = Release|Any CPU
		{B4012059-C0D4-4012-8830-799ED101B44B}.Debug|Any CPU.ActiveCfg = Debug|Any CPU
		{B4012059-C0D4-4012-8830-799ED101B44B}.Debug|Any CPU.Build.0 = Debug|Any CPU
		{B4012059-C0D4-4012-8830-799ED101B44B}.Release|Any CPU.ActiveCfg = Release|Any CPU
		{B4012059-C0D4-4012-8830-799ED101B44B}.Release|Any CPU.Build.0 = Release|Any CPU
		{3E64565B-94B5-454C-869B-69096B3FF0D8}.Debug|Any CPU.ActiveCfg = Debug|Any CPU
		{3E64565B-94B5-454C-869B-69096B3FF0D8}.Debug|Any CPU.Build.0 = Debug|Any CPU
		{3E64565B-94B5-454C-869B-69096B3FF0D8}.Release|Any CPU.ActiveCfg = Release|Any CPU
		{3E64565B-94B5-454C-869B-69096B3FF0D8}.Release|Any CPU.Build.0 = Release|Any CPU
		{4DDC50E5-D031-442B-9811-34D9BF48398E}.Debug|Any CPU.ActiveCfg = Debug|Any CPU
		{4DDC50E5-D031-442B-9811-34D9BF48398E}.Debug|Any CPU.Build.0 = Debug|Any CPU
		{4DDC50E5-D031-442B-9811-34D9BF48398E}.Release|Any CPU.ActiveCfg = Release|Any CPU
		{4DDC50E5-D031-442B-9811-34D9BF48398E}.Release|Any CPU.Build.0 = Release|Any CPU
		{166989CD-7976-480E-B3D3-9627C69F77D0}.Debug|Any CPU.ActiveCfg = Debug|Any CPU
		{166989CD-7976-480E-B3D3-9627C69F77D0}.Debug|Any CPU.Build.0 = Debug|Any CPU
		{166989CD-7976-480E-B3D3-9627C69F77D0}.Release|Any CPU.ActiveCfg = Release|Any CPU
		{166989CD-7976-480E-B3D3-9627C69F77D0}.Release|Any CPU.Build.0 = Release|Any CPU
		{8D55B1C9-CB4D-44AC-BA8B-0E2DF6CF9AD9}.Debug|Any CPU.ActiveCfg = Debug|Any CPU
		{8D55B1C9-CB4D-44AC-BA8B-0E2DF6CF9AD9}.Debug|Any CPU.Build.0 = Debug|Any CPU
		{8D55B1C9-CB4D-44AC-BA8B-0E2DF6CF9AD9}.Release|Any CPU.ActiveCfg = Release|Any CPU
		{8D55B1C9-CB4D-44AC-BA8B-0E2DF6CF9AD9}.Release|Any CPU.Build.0 = Release|Any CPU
		{30909A7B-6D90-4194-AB18-93C7AF0FDFA8}.Debug|Any CPU.ActiveCfg = Debug|Any CPU
		{30909A7B-6D90-4194-AB18-93C7AF0FDFA8}.Debug|Any CPU.Build.0 = Debug|Any CPU
		{30909A7B-6D90-4194-AB18-93C7AF0FDFA8}.Release|Any CPU.ActiveCfg = Release|Any CPU
		{30909A7B-6D90-4194-AB18-93C7AF0FDFA8}.Release|Any CPU.Build.0 = Release|Any CPU
		{2BD212FC-1670-49DC-8637-7862F13E77C9}.Debug|Any CPU.ActiveCfg = Debug|Any CPU
		{2BD212FC-1670-49DC-8637-7862F13E77C9}.Debug|Any CPU.Build.0 = Debug|Any CPU
		{2BD212FC-1670-49DC-8637-7862F13E77C9}.Release|Any CPU.ActiveCfg = Release|Any CPU
		{2BD212FC-1670-49DC-8637-7862F13E77C9}.Release|Any CPU.Build.0 = Release|Any CPU
		{D036B6CE-8C76-48C4-B03C-0933400682AF}.Debug|Any CPU.ActiveCfg = Debug|Any CPU
		{D036B6CE-8C76-48C4-B03C-0933400682AF}.Debug|Any CPU.Build.0 = Debug|Any CPU
		{D036B6CE-8C76-48C4-B03C-0933400682AF}.Release|Any CPU.ActiveCfg = Release|Any CPU
		{D036B6CE-8C76-48C4-B03C-0933400682AF}.Release|Any CPU.Build.0 = Release|Any CPU
		{D2D0DC73-7D6B-4ECF-AE1C-15F9D7EEE21F}.Debug|Any CPU.ActiveCfg = Debug|Any CPU
		{D2D0DC73-7D6B-4ECF-AE1C-15F9D7EEE21F}.Debug|Any CPU.Build.0 = Debug|Any CPU
		{D2D0DC73-7D6B-4ECF-AE1C-15F9D7EEE21F}.Release|Any CPU.ActiveCfg = Release|Any CPU
		{D2D0DC73-7D6B-4ECF-AE1C-15F9D7EEE21F}.Release|Any CPU.Build.0 = Release|Any CPU
		{DB573C9A-85DC-4CA1-994B-60EC837243D0}.Debug|Any CPU.ActiveCfg = Debug|Any CPU
		{DB573C9A-85DC-4CA1-994B-60EC837243D0}.Debug|Any CPU.Build.0 = Debug|Any CPU
		{DB573C9A-85DC-4CA1-994B-60EC837243D0}.Release|Any CPU.ActiveCfg = Release|Any CPU
		{DB573C9A-85DC-4CA1-994B-60EC837243D0}.Release|Any CPU.Build.0 = Release|Any CPU
		{FBDED703-FE64-4198-820F-8C615982ADEE}.Debug|Any CPU.ActiveCfg = Debug|Any CPU
		{FBDED703-FE64-4198-820F-8C615982ADEE}.Debug|Any CPU.Build.0 = Debug|Any CPU
		{FBDED703-FE64-4198-820F-8C615982ADEE}.Release|Any CPU.ActiveCfg = Release|Any CPU
		{FBDED703-FE64-4198-820F-8C615982ADEE}.Release|Any CPU.Build.0 = Release|Any CPU
		{9C8D8F77-A882-4C45-91AD-B46320DC668E}.Debug|Any CPU.ActiveCfg = Debug|Any CPU
		{9C8D8F77-A882-4C45-91AD-B46320DC668E}.Debug|Any CPU.Build.0 = Debug|Any CPU
		{9C8D8F77-A882-4C45-91AD-B46320DC668E}.Release|Any CPU.ActiveCfg = Release|Any CPU
		{9C8D8F77-A882-4C45-91AD-B46320DC668E}.Release|Any CPU.Build.0 = Release|Any CPU
		{2F1FD277-B899-4A83-8DD0-966913AB7824}.Debug|Any CPU.ActiveCfg = Debug|Any CPU
		{2F1FD277-B899-4A83-8DD0-966913AB7824}.Debug|Any CPU.Build.0 = Debug|Any CPU
		{2F1FD277-B899-4A83-8DD0-966913AB7824}.Release|Any CPU.ActiveCfg = Release|Any CPU
		{2F1FD277-B899-4A83-8DD0-966913AB7824}.Release|Any CPU.Build.0 = Release|Any CPU
		{B5C2EF66-62AD-4C04-9B4A-9A1D86846CFB}.Debug|Any CPU.ActiveCfg = Debug|Any CPU
		{B5C2EF66-62AD-4C04-9B4A-9A1D86846CFB}.Debug|Any CPU.Build.0 = Debug|Any CPU
		{B5C2EF66-62AD-4C04-9B4A-9A1D86846CFB}.Release|Any CPU.ActiveCfg = Release|Any CPU
		{B5C2EF66-62AD-4C04-9B4A-9A1D86846CFB}.Release|Any CPU.Build.0 = Release|Any CPU
		{9DC6EAB1-CF9E-4B63-9F85-50F9A1FBCD00}.Debug|Any CPU.ActiveCfg = Debug|Any CPU
		{9DC6EAB1-CF9E-4B63-9F85-50F9A1FBCD00}.Debug|Any CPU.Build.0 = Debug|Any CPU
		{9DC6EAB1-CF9E-4B63-9F85-50F9A1FBCD00}.Release|Any CPU.ActiveCfg = Release|Any CPU
		{9DC6EAB1-CF9E-4B63-9F85-50F9A1FBCD00}.Release|Any CPU.Build.0 = Release|Any CPU
		{21B68D6E-8371-453C-8029-82DBEE10B5E1}.Debug|Any CPU.ActiveCfg = Debug|Any CPU
		{21B68D6E-8371-453C-8029-82DBEE10B5E1}.Debug|Any CPU.Build.0 = Debug|Any CPU
		{21B68D6E-8371-453C-8029-82DBEE10B5E1}.Release|Any CPU.ActiveCfg = Release|Any CPU
		{21B68D6E-8371-453C-8029-82DBEE10B5E1}.Release|Any CPU.Build.0 = Release|Any CPU
		{476A5F66-0088-4A12-AAA9-BF56EE918541}.Debug|Any CPU.ActiveCfg = Debug|Any CPU
		{476A5F66-0088-4A12-AAA9-BF56EE918541}.Debug|Any CPU.Build.0 = Debug|Any CPU
		{476A5F66-0088-4A12-AAA9-BF56EE918541}.Release|Any CPU.ActiveCfg = Release|Any CPU
		{476A5F66-0088-4A12-AAA9-BF56EE918541}.Release|Any CPU.Build.0 = Release|Any CPU
		{11CD7DD5-9E3A-4CA6-ADDD-58FB5075AD0A}.Debug|Any CPU.ActiveCfg = Debug|Any CPU
		{11CD7DD5-9E3A-4CA6-ADDD-58FB5075AD0A}.Debug|Any CPU.Build.0 = Debug|Any CPU
		{11CD7DD5-9E3A-4CA6-ADDD-58FB5075AD0A}.Release|Any CPU.ActiveCfg = Release|Any CPU
		{11CD7DD5-9E3A-4CA6-ADDD-58FB5075AD0A}.Release|Any CPU.Build.0 = Release|Any CPU
		{48E69E25-0F24-48E6-9FB5-5264015C57EE}.Debug|Any CPU.ActiveCfg = Debug|Any CPU
		{48E69E25-0F24-48E6-9FB5-5264015C57EE}.Debug|Any CPU.Build.0 = Debug|Any CPU
		{48E69E25-0F24-48E6-9FB5-5264015C57EE}.Release|Any CPU.ActiveCfg = Release|Any CPU
		{48E69E25-0F24-48E6-9FB5-5264015C57EE}.Release|Any CPU.Build.0 = Release|Any CPU
		{40CC7966-D649-4283-ACC1-68D830810BE0}.Debug|Any CPU.ActiveCfg = Debug|Any CPU
		{40CC7966-D649-4283-ACC1-68D830810BE0}.Debug|Any CPU.Build.0 = Debug|Any CPU
		{40CC7966-D649-4283-ACC1-68D830810BE0}.Release|Any CPU.ActiveCfg = Release|Any CPU
		{40CC7966-D649-4283-ACC1-68D830810BE0}.Release|Any CPU.Build.0 = Release|Any CPU
		{80763528-FF93-4812-BBBD-92C93342C0DD}.Debug|Any CPU.ActiveCfg = Debug|Any CPU
		{80763528-FF93-4812-BBBD-92C93342C0DD}.Debug|Any CPU.Build.0 = Debug|Any CPU
		{80763528-FF93-4812-BBBD-92C93342C0DD}.Release|Any CPU.ActiveCfg = Release|Any CPU
		{80763528-FF93-4812-BBBD-92C93342C0DD}.Release|Any CPU.Build.0 = Release|Any CPU
		{CCB042AF-49DE-4E66-AEB1-A58DF7BD0990}.Debug|Any CPU.ActiveCfg = Debug|Any CPU
		{CCB042AF-49DE-4E66-AEB1-A58DF7BD0990}.Debug|Any CPU.Build.0 = Debug|Any CPU
		{CCB042AF-49DE-4E66-AEB1-A58DF7BD0990}.Release|Any CPU.ActiveCfg = Release|Any CPU
		{CCB042AF-49DE-4E66-AEB1-A58DF7BD0990}.Release|Any CPU.Build.0 = Release|Any CPU
		{EE06614D-1C6C-4122-B216-3DE745004AF0}.Debug|Any CPU.ActiveCfg = Debug|Any CPU
		{EE06614D-1C6C-4122-B216-3DE745004AF0}.Debug|Any CPU.Build.0 = Debug|Any CPU
		{EE06614D-1C6C-4122-B216-3DE745004AF0}.Release|Any CPU.ActiveCfg = Release|Any CPU
		{EE06614D-1C6C-4122-B216-3DE745004AF0}.Release|Any CPU.Build.0 = Release|Any CPU
		{767FC60A-4AF9-4CD6-BB25-D3F863FAF5BE}.Debug|Any CPU.ActiveCfg = Debug|Any CPU
		{767FC60A-4AF9-4CD6-BB25-D3F863FAF5BE}.Debug|Any CPU.Build.0 = Debug|Any CPU
		{767FC60A-4AF9-4CD6-BB25-D3F863FAF5BE}.Release|Any CPU.ActiveCfg = Release|Any CPU
		{767FC60A-4AF9-4CD6-BB25-D3F863FAF5BE}.Release|Any CPU.Build.0 = Release|Any CPU
		{37BED8E2-DE6F-4131-90A6-BA5005360CE2}.Debug|Any CPU.ActiveCfg = Debug|Any CPU
		{37BED8E2-DE6F-4131-90A6-BA5005360CE2}.Debug|Any CPU.Build.0 = Debug|Any CPU
		{37BED8E2-DE6F-4131-90A6-BA5005360CE2}.Release|Any CPU.ActiveCfg = Release|Any CPU
		{37BED8E2-DE6F-4131-90A6-BA5005360CE2}.Release|Any CPU.Build.0 = Release|Any CPU
		{6FA3BB77-85C4-47CF-9EC7-8F09F4FD0C15}.Debug|Any CPU.ActiveCfg = Debug|Any CPU
		{6FA3BB77-85C4-47CF-9EC7-8F09F4FD0C15}.Debug|Any CPU.Build.0 = Debug|Any CPU
		{6FA3BB77-85C4-47CF-9EC7-8F09F4FD0C15}.Release|Any CPU.ActiveCfg = Release|Any CPU
		{6FA3BB77-85C4-47CF-9EC7-8F09F4FD0C15}.Release|Any CPU.Build.0 = Release|Any CPU
		{6A506B07-F65E-470F-8991-ED7DABF66965}.Debug|Any CPU.ActiveCfg = Debug|Any CPU
		{6A506B07-F65E-470F-8991-ED7DABF66965}.Debug|Any CPU.Build.0 = Debug|Any CPU
		{6A506B07-F65E-470F-8991-ED7DABF66965}.Release|Any CPU.ActiveCfg = Release|Any CPU
		{6A506B07-F65E-470F-8991-ED7DABF66965}.Release|Any CPU.Build.0 = Release|Any CPU
		{1354BF06-FEBC-4F57-B5D1-DE7B796332B4}.Debug|Any CPU.ActiveCfg = Debug|Any CPU
		{1354BF06-FEBC-4F57-B5D1-DE7B796332B4}.Debug|Any CPU.Build.0 = Debug|Any CPU
		{1354BF06-FEBC-4F57-B5D1-DE7B796332B4}.Release|Any CPU.ActiveCfg = Release|Any CPU
		{1354BF06-FEBC-4F57-B5D1-DE7B796332B4}.Release|Any CPU.Build.0 = Release|Any CPU
		{B5255F69-CFAD-4D22-8703-AD5DFC787D4A}.Debug|Any CPU.ActiveCfg = Debug|Any CPU
		{B5255F69-CFAD-4D22-8703-AD5DFC787D4A}.Debug|Any CPU.Build.0 = Debug|Any CPU
		{B5255F69-CFAD-4D22-8703-AD5DFC787D4A}.Release|Any CPU.ActiveCfg = Release|Any CPU
		{B5255F69-CFAD-4D22-8703-AD5DFC787D4A}.Release|Any CPU.Build.0 = Release|Any CPU
		{9089817C-8B6D-4B28-8627-54DF74839188}.Debug|Any CPU.ActiveCfg = Debug|Any CPU
		{9089817C-8B6D-4B28-8627-54DF74839188}.Debug|Any CPU.Build.0 = Debug|Any CPU
		{9089817C-8B6D-4B28-8627-54DF74839188}.Release|Any CPU.ActiveCfg = Release|Any CPU
		{9089817C-8B6D-4B28-8627-54DF74839188}.Release|Any CPU.Build.0 = Release|Any CPU
		{21413110-7089-43C9-BD70-21A478B14417}.Debug|Any CPU.ActiveCfg = Debug|Any CPU
		{21413110-7089-43C9-BD70-21A478B14417}.Debug|Any CPU.Build.0 = Debug|Any CPU
		{21413110-7089-43C9-BD70-21A478B14417}.Release|Any CPU.ActiveCfg = Release|Any CPU
		{21413110-7089-43C9-BD70-21A478B14417}.Release|Any CPU.Build.0 = Release|Any CPU
		{4FE78963-5CA0-4D85-9B67-2B83285ADE5E}.Debug|Any CPU.ActiveCfg = Debug|Any CPU
		{4FE78963-5CA0-4D85-9B67-2B83285ADE5E}.Debug|Any CPU.Build.0 = Debug|Any CPU
		{4FE78963-5CA0-4D85-9B67-2B83285ADE5E}.Release|Any CPU.ActiveCfg = Release|Any CPU
		{4FE78963-5CA0-4D85-9B67-2B83285ADE5E}.Release|Any CPU.Build.0 = Release|Any CPU
		{2EE7337E-B45B-49B0-99DF-1B64A12D74AB}.Debug|Any CPU.ActiveCfg = Debug|Any CPU
		{2EE7337E-B45B-49B0-99DF-1B64A12D74AB}.Debug|Any CPU.Build.0 = Debug|Any CPU
		{2EE7337E-B45B-49B0-99DF-1B64A12D74AB}.Release|Any CPU.ActiveCfg = Release|Any CPU
		{2EE7337E-B45B-49B0-99DF-1B64A12D74AB}.Release|Any CPU.Build.0 = Release|Any CPU
	EndGlobalSection
	GlobalSection(SolutionProperties) = preSolution
		HideSolutionNode = FALSE
	EndGlobalSection
	GlobalSection(ExtensibilityGlobals) = postSolution
		SolutionGuid = {3E821BD6-6B04-4D4D-8099-81D55841FF14}
	EndGlobalSection
EndGlobal
